PODS:
  - Bolts/Tasks (1.2.0)
  - Firebase (2.3.2)
  - Parse (1.7.5):
    - Bolts/Tasks (>= 1.2.0)
  - pop (1.0.7)

DEPENDENCIES:
  - Firebase (>= 2.3.2)
  - Parse (>= 1.7.5)
  - pop (~> 1.0)

SPEC CHECKSUMS:
  Bolts: d176cb1e0012175589e389a9db49b85e27787576
  Firebase: 02fbeacfe19970856c872321788194524f21ffed
  Parse: 7c0f115eff3e0cea3fac08d50bda47154edb8832
  pop: 628ffc631644601567ee8bfaaaea493ebd7d0923

COCOAPODS: 0.37.2
